// !$*UTF8*$!
{
	archiveVersion = 1;
	classes = {
	};
	objectVersion = 50;
	objects = {

/* Begin PBXBuildFile section */
		A88CDAD22540ACB200A375AC /* StateAndDataFlowAppApp.swift in Sources */ = {isa = PBXBuildFile; fileRef = A88CDAD12540ACB200A375AC /* StateAndDataFlowAppApp.swift */; };
		A88CDAD42540ACB200A375AC /* ContentView.swift in Sources */ = {isa = PBXBuildFile; fileRef = A88CDAD32540ACB200A375AC /* ContentView.swift */; };
		A88CDAD62540ACB400A375AC /* Assets.xcassets in Resources */ = {isa = PBXBuildFile; fileRef = A88CDAD52540ACB400A375AC /* Assets.xcassets */; };
		A88CDAD92540ACB400A375AC /* Preview Assets.xcassets in Resources */ = {isa = PBXBuildFile; fileRef = A88CDAD82540ACB400A375AC /* Preview Assets.xcassets */; };
		A88CDAE22540B4B600A375AC /* TimeCounter.swift in Sources */ = {isa = PBXBuildFile; fileRef = A88CDAE12540B4B600A375AC /* TimeCounter.swift */; };
		A88CDAE62540BC9F00A375AC /* RegisteredView.swift in Sources */ = {isa = PBXBuildFile; fileRef = A88CDAE52540BC9F00A375AC /* RegisteredView.swift */; };
		A88CDAE92540BDE700A375AC /* UserManager.swift in Sources */ = {isa = PBXBuildFile; fileRef = A88CDAE82540BDE700A375AC /* UserManager.swift */; };
		A88CDAEC2540C01B00A375AC /* StarterView.swift in Sources */ = {isa = PBXBuildFile; fileRef = A88CDAEB2540C01B00A375AC /* StarterView.swift */; };
/* End PBXBuildFile section */

/* Begin PBXFileReference section */
		A88CDACE2540ACB200A375AC /* StateAndDataFlowApp.app */ = {isa = PBXFileReference; explicitFileType = wrapper.application; includeInIndex = 0; path = StateAndDataFlowApp.app; sourceTree = BUILT_PRODUCTS_DIR; };
		A88CDAD12540ACB200A375AC /* StateAndDataFlowAppApp.swift */ = {isa = PBXFileReference; lastKnownFileType = sourcecode.swift; path = StateAndDataFlowAppApp.swift; sourceTree = "<group>"; };
		A88CDAD32540ACB200A375AC /* ContentView.swift */ = {isa = PBXFileReference; lastKnownFileType = sourcecode.swift; path = ContentView.swift; sourceTree = "<group>"; };
		A88CDAD52540ACB400A375AC /* Assets.xcassets */ = {isa = PBXFileReference; lastKnownFileType = folder.assetcatalog; path = Assets.xcassets; sourceTree = "<group>"; };
		A88CDAD82540ACB400A375AC /* Preview Assets.xcassets */ = {isa = PBXFileReference; lastKnownFileType = folder.assetcatalog; path = "Preview Assets.xcassets"; sourceTree = "<group>"; };
		A88CDADA2540ACB400A375AC /* Info.plist */ = {isa = PBXFileReference; lastKnownFileType = text.plist.xml; path = Info.plist; sourceTree = "<group>"; };
		A88CDAE12540B4B600A375AC /* TimeCounter.swift */ = {isa = PBXFileReference; lastKnownFileType = sourcecode.swift; path = TimeCounter.swift; sourceTree = "<group>"; };
		A88CDAE52540BC9F00A375AC /* RegisteredView.swift */ = {isa = PBXFileReference; lastKnownFileType = sourcecode.swift; path = RegisteredView.swift; sourceTree = "<group>"; };
		A88CDAE82540BDE700A375AC /* UserManager.swift */ = {isa = PBXFileReference; lastKnownFileType = sourcecode.swift; path = UserManager.swift; sourceTree = "<group>"; };
		A88CDAEB2540C01B00A375AC /* StarterView.swift */ = {isa = PBXFileReference; lastKnownFileType = sourcecode.swift; path = StarterView.swift; sourceTree = "<group>"; };
/* End PBXFileReference section */

/* Begin PBXFrameworksBuildPhase section */
		A88CDACB2540ACB200A375AC /* Frameworks */ = {
			isa = PBXFrameworksBuildPhase;
			buildActionMask = 2147483647;
			files = (
			);
			runOnlyForDeploymentPostprocessing = 0;
		};
/* End PBXFrameworksBuildPhase section */

/* Begin PBXGroup section */
		A88CDAC52540ACB200A375AC = {
			isa = PBXGroup;
			children = (
				A88CDAD02540ACB200A375AC /* StateAndDataFlowApp */,
				A88CDACF2540ACB200A375AC /* Products */,
			);
			sourceTree = "<group>";
		};
		A88CDACF2540ACB200A375AC /* Products */ = {
			isa = PBXGroup;
			children = (
				A88CDACE2540ACB200A375AC /* StateAndDataFlowApp.app */,
			);
			name = Products;
			sourceTree = "<group>";
		};
		A88CDAD02540ACB200A375AC /* StateAndDataFlowApp */ = {
			isa = PBXGroup;
			children = (
				A88CDAD12540ACB200A375AC /* StateAndDataFlowAppApp.swift */,
				A88CDAD32540ACB200A375AC /* ContentView.swift */,
				A88CDAEB2540C01B00A375AC /* StarterView.swift */,
				A88CDAE52540BC9F00A375AC /* RegisteredView.swift */,
				A88CDAE12540B4B600A375AC /* TimeCounter.swift */,
				A88CDAE82540BDE700A375AC /* UserManager.swift */,
				A88CDAD52540ACB400A375AC /* Assets.xcassets */,
				A88CDADA2540ACB400A375AC /* Info.plist */,
				A88CDAD72540ACB400A375AC /* Preview Content */,
			);
			path = StateAndDataFlowApp;
			sourceTree = "<group>";
		};
		A88CDAD72540ACB400A375AC /* Preview Content */ = {
			isa = PBXGroup;
			children = (
				A88CDAD82540ACB400A375AC /* Preview Assets.xcassets */,
			);
			path = "Preview Content";
			sourceTree = "<group>";
		};
/* End PBXGroup section */

/* Begin PBXNativeTarget section */
		A88CDACD2540ACB200A375AC /* StateAndDataFlowApp */ = {
			isa = PBXNativeTarget;
			buildConfigurationList = A88CDADD2540ACB400A375AC /* Build configuration list for PBXNativeTarget "StateAndDataFlowApp" */;
			buildPhases = (
				A88CDACA2540ACB200A375AC /* Sources */,
				A88CDACB2540ACB200A375AC /* Frameworks */,
				A88CDACC2540ACB200A375AC /* Resources */,
			);
			buildRules = (
			);
			dependencies = (
			);
			name = StateAndDataFlowApp;
			productName = StateAndDataFlowApp;
			productReference = A88CDACE2540ACB200A375AC /* StateAndDataFlowApp.app */;
			productType = "com.apple.product-type.application";
		};
/* End PBXNativeTarget section */

/* Begin PBXProject section */
		A88CDAC62540ACB200A375AC /* Project object */ = {
			isa = PBXProject;
			attributes = {
				LastSwiftUpdateCheck = 1200;
				LastUpgradeCheck = 1200;
				TargetAttributes = {
					A88CDACD2540ACB200A375AC = {
						CreatedOnToolsVersion = 12.0;
					};
				};
			};
			buildConfigurationList = A88CDAC92540ACB200A375AC /* Build configuration list for PBXProject "StateAndDataFlowApp" */;
			compatibilityVersion = "Xcode 9.3";
			developmentRegion = en;
			hasScannedForEncodings = 0;
			knownRegions = (
				en,
				Base,
			);
			mainGroup = A88CDAC52540ACB200A375AC;
			productRefGroup = A88CDACF2540ACB200A375AC /* Products */;
			projectDirPath = "";
			projectRoot = "";
			targets = (
				A88CDACD2540ACB200A375AC /* StateAndDataFlowApp */,
			);
		};
/* End PBXProject section */

/* Begin PBXResourcesBuildPhase section */
		A88CDACC2540ACB200A375AC /* Resources */ = {
			isa = PBXResourcesBuildPhase;
			buildActionMask = 2147483647;
			files = (
				A88CDAD92540ACB400A375AC /* Preview Assets.xcassets in Resources */,
				A88CDAD62540ACB400A375AC /* Assets.xcassets in Resources */,
			);
			runOnlyForDeploymentPostprocessing = 0;
		};
/* End PBXResourcesBuildPhase section */

/* Begin PBXSourcesBuildPhase section */
		A88CDACA2540ACB200A375AC /* Sources */ = {
			isa = PBXSourcesBuildPhase;
			buildActionMask = 2147483647;
			files = (
				A88CDAE62540BC9F00A375AC /* RegisteredView.swift in Sources */,
				A88CDAE22540B4B600A375AC /* TimeCounter.swift in Sources */,
				A88CDAEC2540C01B00A375AC /* StarterView.swift in Sources */,
				A88CDAD42540ACB200A375AC /* ContentView.swift in Sources */,
				A88CDAE92540BDE700A375AC /* UserManager.swift in Sources */,
				A88CDAD22540ACB200A375AC /* StateAndDataFlowAppApp.swift in Sources */,
			);
			runOnlyForDeploymentPostprocessing = 0;
		};
/* End PBXSourcesBuildPhase section */

/* Begin XCBuildConfiguration section */
		A88CDADB2540ACB400A375AC /* Debug */ = {
			isa = XCBuildConfiguration;
			buildSettings = {
				ALWAYS_SEARCH_USER_PATHS = NO;
				CLANG_ANALYZER_NONNULL = YES;
				CLANG_ANALYZER_NUMBER_OBJECT_CONVERSION = YES_AGGRESSIVE;
				CLANG_CXX_LANGUAGE_STANDARD = "gnu++14";
				CLANG_CXX_LIBRARY = "libc++";
				CLANG_ENABLE_MODULES = YES;
				CLANG_ENABLE_OBJC_ARC = YES;
				CLANG_ENABLE_OBJC_WEAK = YES;
				CLANG_WARN_BLOCK_CAPTURE_AUTORELEASING = YES;
				CLANG_WARN_BOOL_CONVERSION = YES;
				CLANG_WARN_COMMA = YES;
				CLANG_WARN_CONSTANT_CONVERSION = YES;
				CLANG_WARN_DEPRECATED_OBJC_IMPLEMENTATIONS = YES;
				CLANG_WARN_DIRECT_OBJC_ISA_USAGE = YES_ERROR;
				CLANG_WARN_DOCUMENTATION_COMMENTS = YES;
				CLANG_WARN_EMPTY_BODY = YES;
				CLANG_WARN_ENUM_CONVERSION = YES;
				CLANG_WARN_INFINITE_RECURSION = YES;
				CLANG_WARN_INT_CONVERSION = YES;
				CLANG_WARN_NON_LITERAL_NULL_CONVERSION = YES;
				CLANG_WARN_OBJC_IMPLICIT_RETAIN_SELF = YES;
				CLANG_WARN_OBJC_LITERAL_CONVERSION = YES;
				CLANG_WARN_OBJC_ROOT_CLASS = YES_ERROR;
				CLANG_WARN_QUOTED_INCLUDE_IN_FRAMEWORK_HEADER = YES;
				CLANG_WARN_RANGE_LOOP_ANALYSIS = YES;
				CLANG_WARN_STRICT_PROTOTYPES = YES;
				CLANG_WARN_SUSPICIOUS_MOVE = YES;
				CLANG_WARN_UNGUARDED_AVAILABILITY = YES_AGGRESSIVE;
				CLANG_WARN_UNREACHABLE_CODE = YES;
				CLANG_WARN__DUPLICATE_METHOD_MATCH = YES;
				COPY_PHASE_STRIP = NO;
				DEBUG_INFORMATION_FORMAT = dwarf;
				ENABLE_STRICT_OBJC_MSGSEND = YES;
				ENABLE_TESTABILITY = YES;
				GCC_C_LANGUAGE_STANDARD = gnu11;
				GCC_DYNAMIC_NO_PIC = NO;
				GCC_NO_COMMON_BLOCKS = YES;
				GCC_OPTIMIZATION_LEVEL = 0;
				GCC_PREPROCESSOR_DEFINITIONS = (
					"DEBUG=1",
					"$(inherited)",
				);
				GCC_WARN_64_TO_32_BIT_CONVERSION = YES;
				GCC_WARN_ABOUT_RETURN_TYPE = YES_ERROR;
				GCC_WARN_UNDECLARED_SELECTOR = YES;
				GCC_WARN_UNINITIALIZED_AUTOS = YES_AGGRESSIVE;
				GCC_WARN_UNUSED_FUNCTION = YES;
				GCC_WARN_UNUSED_VARIABLE = YES;
				IPHONEOS_DEPLOYMENT_TARGET = 14.0;
				MTL_ENABLE_DEBUG_INFO = INCLUDE_SOURCE;
				MTL_FAST_MATH = YES;
				ONLY_ACTIVE_ARCH = YES;
				SDKROOT = iphoneos;
				SWIFT_ACTIVE_COMPILATION_CONDITIONS = DEBUG;
				SWIFT_OPTIMIZATION_LEVEL = "-Onone";
			};
			name = Debug;
		};
		A88CDADC2540ACB400A375AC /* Release */ = {
			isa = XCBuildConfiguration;
			buildSettings = {
				ALWAYS_SEARCH_USER_PATHS = NO;
				CLANG_ANALYZER_NONNULL = YES;
				CLANG_ANALYZER_NUMBER_OBJECT_CONVERSION = YES_AGGRESSIVE;
				CLANG_CXX_LANGUAGE_STANDARD = "gnu++14";
				CLANG_CXX_LIBRARY = "libc++";
				CLANG_ENABLE_MODULES = YES;
				CLANG_ENABLE_OBJC_ARC = YES;
				CLANG_ENABLE_OBJC_WEAK = YES;
				CLANG_WARN_BLOCK_CAPTURE_AUTORELEASING = YES;
				CLANG_WARN_BOOL_CONVERSION = YES;
				CLANG_WARN_COMMA = YES;
				CLANG_WARN_CONSTANT_CONVERSION = YES;
				CLANG_WARN_DEPRECATED_OBJC_IMPLEMENTATIONS = YES;
				CLANG_WARN_DIRECT_OBJC_ISA_USAGE = YES_ERROR;
				CLANG_WARN_DOCUMENTATION_COMMENTS = YES;
				CLANG_WARN_EMPTY_BODY = YES;
				CLANG_WARN_ENUM_CONVERSION = YES;
				CLANG_WARN_INFINITE_RECURSION = YES;
				CLANG_WARN_INT_CONVERSION = YES;
				CLANG_WARN_NON_LITERAL_NULL_CONVERSION = YES;
				CLANG_WARN_OBJC_IMPLICIT_RETAIN_SELF = YES;
				CLANG_WARN_OBJC_LITERAL_CONVERSION = YES;
				CLANG_WARN_OBJC_ROOT_CLASS = YES_ERROR;
				CLANG_WARN_QUOTED_INCLUDE_IN_FRAMEWORK_HEADER = YES;
				CLANG_WARN_RANGE_LOOP_ANALYSIS = YES;
				CLANG_WARN_STRICT_PROTOTYPES = YES;
				CLANG_WARN_SUSPICIOUS_MOVE = YES;
				CLANG_WARN_UNGUARDED_AVAILABILITY = YES_AGGRESSIVE;
				CLANG_WARN_UNREACHABLE_CODE = YES;
				CLANG_WARN__DUPLICATE_METHOD_MATCH = YES;
				COPY_PHASE_STRIP = NO;
				DEBUG_INFORMATION_FORMAT = "dwarf-with-dsym";
				ENABLE_NS_ASSERTIONS = NO;
				ENABLE_STRICT_OBJC_MSGSEND = YES;
				GCC_C_LANGUAGE_STANDARD = gnu11;
				GCC_NO_COMMON_BLOCKS = YES;
				GCC_WARN_64_TO_32_BIT_CONVERSION = YES;
				GCC_WARN_ABOUT_RETURN_TYPE = YES_ERROR;
				GCC_WARN_UNDECLARED_SELECTOR = YES;
				GCC_WARN_UNINITIALIZED_AUTOS = YES_AGGRESSIVE;
				GCC_WARN_UNUSED_FUNCTION = YES;
				GCC_WARN_UNUSED_VARIABLE = YES;
				IPHONEOS_DEPLOYMENT_TARGET = 14.0;
				MTL_ENABLE_DEBUG_INFO = NO;
				MTL_FAST_MATH = YES;
				SDKROOT = iphoneos;
				SWIFT_COMPILATION_MODE = wholemodule;
				SWIFT_OPTIMIZATION_LEVEL = "-O";
				VALIDATE_PRODUCT = YES;
			};
			name = Release;
		};
		A88CDADE2540ACB400A375AC /* Debug */ = {
			isa = XCBuildConfiguration;
			buildSettings = {
				ASSETCATALOG_COMPILER_APPICON_NAME = AppIcon;
				ASSETCATALOG_COMPILER_GLOBAL_ACCENT_COLOR_NAME = AccentColor;
				CODE_SIGN_STYLE = Automatic;
				DEVELOPMENT_ASSET_PATHS = "\"StateAndDataFlowApp/Preview Content\"";
				DEVELOPMENT_TEAM = GBTTU32HS2;
				ENABLE_PREVIEWS = YES;
				INFOPLIST_FILE = StateAndDataFlowApp/Info.plist;
				IPHONEOS_DEPLOYMENT_TARGET = 14.0;
				LD_RUNPATH_SEARCH_PATHS = (
					"$(inherited)",
					"@executable_path/Frameworks",
				);
				PRODUCT_BUNDLE_IDENTIFIER = ru.swiftbook.StateAndDataFlowApp;
				PRODUCT_NAME = "$(TARGET_NAME)";
				SWIFT_VERSION = 5.0;
				TARGETED_DEVICE_FAMILY = "1,2";
			};
			name = Debug;
		};
		A88CDADF2540ACB400A375AC /* Release */ = {
			isa = XCBuildConfiguration;
			buildSettings = {
				ASSETCATALOG_COMPILER_APPICON_NAME = AppIcon;
				ASSETCATALOG_COMPILER_GLOBAL_ACCENT_COLOR_NAME = AccentColor;
				CODE_SIGN_STYLE = Automatic;
				DEVELOPMENT_ASSET_PATHS = "\"StateAndDataFlowApp/Preview Content\"";
				DEVELOPMENT_TEAM = GBTTU32HS2;
				ENABLE_PREVIEWS = YES;
				INFOPLIST_FILE = StateAndDataFlowApp/Info.plist;
				IPHONEOS_DEPLOYMENT_TARGET = 14.0;
				LD_RUNPATH_SEARCH_PATHS = (
					"$(inherited)",
					"@executable_path/Frameworks",
				);
				PRODUCT_BUNDLE_IDENTIFIER = ru.swiftbook.StateAndDataFlowApp;
				PRODUCT_NAME = "$(TARGET_NAME)";
				SWIFT_VERSION = 5.0;
				TARGETED_DEVICE_FAMILY = "1,2";
			};
			name = Release;
		};
/* End XCBuildConfiguration section */

/* Begin XCConfigurationList section */
		A88CDAC92540ACB200A375AC /* Build configuration list for PBXProject "StateAndDataFlowApp" */ = {
			isa = XCConfigurationList;
			buildConfigurations = (
				A88CDADB2540ACB400A375AC /* Debug */,
				A88CDADC2540ACB400A375AC /* Release */,
			);
			defaultConfigurationIsVisible = 0;
			defaultConfigurationName = Release;
		};
		A88CDADD2540ACB400A375AC /* Build configuration list for PBXNativeTarget "StateAndDataFlowApp" */ = {
			isa = XCConfigurationList;
			buildConfigurations = (
				A88CDADE2540ACB400A375AC /* Debug */,
				A88CDADF2540ACB400A375AC /* Release */,
			);
			defaultConfigurationIsVisible = 0;
			defaultConfigurationName = Release;
		};
/* End XCConfigurationList section */
	};
	rootObject = A88CDAC62540ACB200A375AC /* Project object */;
}
